{
  "name": "npm-package-playground",
  "version": "1.0.0",
  "lockfileVersion": 2,
  "requires": true,
  "packages": {
    "": {
      "name": "npm-package-playground",
      "version": "1.0.0",
      "license": "ISC",
      "dependencies": {
        "@jaychang99/my-first-npm-package": "1.1.1"
      }
    },
    "node_modules/@jaychang99/my-first-npm-package": {
      "version": "1.1.1",
      "resolved": "https://registry.npmjs.org/@jaychang99/my-first-npm-package/-/my-first-npm-package-1.1.1.tgz",
      "integrity": "sha512-ZvWcc4K2T+gBf48SAnb85MhRQCExZwP1DICOt6QcXhyUkUBHkuJs8oT4rs5NvV9mtDtIgxT+fHx6KOs5AkrDLQ=="
    }
  },
  "dependencies": {
    "@jaychang99/my-first-npm-package": {
      "version": "1.1.1",
      "resolved": "https://registry.npmjs.org/@jaychang99/my-first-npm-package/-/my-first-npm-package-1.1.1.tgz",
      "integrity": "sha512-ZvWcc4K2T+gBf48SAnb85MhRQCExZwP1DICOt6QcXhyUkUBHkuJs8oT4rs5NvV9mtDtIgxT+fHx6KOs5AkrDLQ=="
    }
  }
}
