{
  "name": "npm-package-playground",
  "version": "1.0.0",
  "lockfileVersion": 2,
  "requires": true,
  "packages": {
    "": {
      "name": "npm-package-playground",
      "version": "1.0.0",
      "license": "ISC",
      "dependencies": {
        "@jaychang99/my-first-npm-package": "^1.0.0"
      },
      "devDependencies": {}
    },
    "node_modules/@jaychang99/my-first-npm-package": {
      "version": "1.0.0",
      "resolved": "https://registry.npmjs.org/@jaychang99/my-first-npm-package/-/my-first-npm-package-1.0.0.tgz",
      "integrity": "sha512-1DqNVRUbiUFAahqBw4BwBkEVPQ6DwmbSpM8CfpndUPvgEk/liNXMIueiLpGEqm3/1OjW3JENkjcO5sJsqM73Gw=="
    }
  },
  "dependencies": {
    "@jaychang99/my-first-npm-package": {
      "version": "1.0.0",
      "resolved": "https://registry.npmjs.org/@jaychang99/my-first-npm-package/-/my-first-npm-package-1.0.0.tgz",
      "integrity": "sha512-1DqNVRUbiUFAahqBw4BwBkEVPQ6DwmbSpM8CfpndUPvgEk/liNXMIueiLpGEqm3/1OjW3JENkjcO5sJsqM73Gw=="
    }
  }
}
